
Microsoft Visual Studio Solution File, Format Version 12.00
# Visual Studio Version 17
VisualStudioVersion = 17.5.33530.505
MinimumVisualStudioVersion = 10.0.40219.1
Project("{FAE04EC0-301F-11D3-BF4B-00C04F79EFBC}") = "Arkanoid", "Arkanoid\Arkanoid.csproj", "{09C14160-13BD-43C5-8F72-BC03A0689848}"
EndProject
Global
	GlobalSection(SolutionConfigurationPlatforms) = preSolution
		Debug|Any CPU = Debug|Any CPU
		Release|Any CPU = Release|Any CPU
	EndGlobalSection
	GlobalSection(ProjectConfigurationPlatforms) = postSolution
		{09C14160-13BD-43C5-8F72-BC03A0689848}.Debug|Any CPU.ActiveCfg = Debug|Any CPU
		{09C14160-13BD-43C5-8F72-BC03A0689848}.Debug|Any CPU.Build.0 = Debug|Any CPU
		{09C14160-13BD-43C5-8F72-BC03A0689848}.Release|Any CPU.ActiveCfg = Release|Any CPU
		{09C14160-13BD-43C5-8F72-BC03A0689848}.Release|Any CPU.Build.0 = Release|Any CPU
	EndGlobalSection
	GlobalSection(SolutionProperties) = preSolution
		HideSolutionNode = FALSE
	EndGlobalSection
	GlobalSection(ExtensibilityGlobals) = postSolution
		SolutionGuid = {D264FD7F-7C70-4F7F-8809-0946F79A19F1}
	EndGlobalSection
EndGlobal
